// !$*UTF8*$!
{
	archiveVersion = 1;
	classes = {
	};
	objectVersion = 56;
	objects = {

/* Begin PBXBuildFile section */
		E6173CBD2B081BFB007C878C /* to_do_listApp.swift in Sources */ = {isa = PBXBuildFile; fileRef = E6173CBC2B081BFB007C878C /* to_do_listApp.swift */; };
		E6173CBF2B081BFB007C878C /* MainView.swift in Sources */ = {isa = PBXBuildFile; fileRef = E6173CBE2B081BFB007C878C /* MainView.swift */; };
		E6173CC12B081BFC007C878C /* Assets.xcassets in Resources */ = {isa = PBXBuildFile; fileRef = E6173CC02B081BFC007C878C /* Assets.xcassets */; };
		E6173CC42B081BFC007C878C /* Preview Assets.xcassets in Resources */ = {isa = PBXBuildFile; fileRef = E6173CC32B081BFC007C878C /* Preview Assets.xcassets */; };
		E65BCA2A2B08626400B33C60 /* FirebaseAuth in Frameworks */ = {isa = PBXBuildFile; productRef = E65BCA292B08626400B33C60 /* FirebaseAuth */; };
		E65BCA362B08626400B33C60 /* FirebaseFirestore in Frameworks */ = {isa = PBXBuildFile; productRef = E65BCA352B08626400B33C60 /* FirebaseFirestore */; };
		E65BCA3A2B08626400B33C60 /* FirebaseFirestoreSwift in Frameworks */ = {isa = PBXBuildFile; productRef = E65BCA392B08626400B33C60 /* FirebaseFirestoreSwift */; };
		E65BCA592B08694200B33C60 /* ProfileView.swift in Sources */ = {isa = PBXBuildFile; fileRef = E65BCA582B08694200B33C60 /* ProfileView.swift */; };
		E65BCA5B2B08696D00B33C60 /* ListView.swift in Sources */ = {isa = PBXBuildFile; fileRef = E65BCA5A2B08696D00B33C60 /* ListView.swift */; };
		E65BCA5D2B0869BD00B33C60 /* NewItemView.swift in Sources */ = {isa = PBXBuildFile; fileRef = E65BCA5C2B0869BD00B33C60 /* NewItemView.swift */; };
		E65BCA5F2B0869E400B33C60 /* LogInView.swift in Sources */ = {isa = PBXBuildFile; fileRef = E65BCA5E2B0869E400B33C60 /* LogInView.swift */; };
		E65BCA612B086A0400B33C60 /* RegisterView.swift in Sources */ = {isa = PBXBuildFile; fileRef = E65BCA602B086A0400B33C60 /* RegisterView.swift */; };
		E65BCA632B086A8400B33C60 /* ItemView.swift in Sources */ = {isa = PBXBuildFile; fileRef = E65BCA622B086A8400B33C60 /* ItemView.swift */; };
		E65BCA652B086B2B00B33C60 /* User.swift in Sources */ = {isa = PBXBuildFile; fileRef = E65BCA642B086B2B00B33C60 /* User.swift */; };
		E65BCA672B086B4500B33C60 /* Item.swift in Sources */ = {isa = PBXBuildFile; fileRef = E65BCA662B086B4500B33C60 /* Item.swift */; };
		E65BCA692B086B8A00B33C60 /* MainViewModel.swift in Sources */ = {isa = PBXBuildFile; fileRef = E65BCA682B086B8A00B33C60 /* MainViewModel.swift */; };
		E65BCA6B2B086B9700B33C60 /* ProfileViewModel.swift in Sources */ = {isa = PBXBuildFile; fileRef = E65BCA6A2B086B9700B33C60 /* ProfileViewModel.swift */; };
		E65BCA6D2B086BA600B33C60 /* ListViewModel.swift in Sources */ = {isa = PBXBuildFile; fileRef = E65BCA6C2B086BA600B33C60 /* ListViewModel.swift */; };
		E65BCA6F2B086BB400B33C60 /* NewItemViewModel.swift in Sources */ = {isa = PBXBuildFile; fileRef = E65BCA6E2B086BB400B33C60 /* NewItemViewModel.swift */; };
		E65BCA712B086BC200B33C60 /* LogInViewModel.swift in Sources */ = {isa = PBXBuildFile; fileRef = E65BCA702B086BC200B33C60 /* LogInViewModel.swift */; };
		E65BCA732B086BCB00B33C60 /* RegisterViewModel.swift in Sources */ = {isa = PBXBuildFile; fileRef = E65BCA722B086BCB00B33C60 /* RegisterViewModel.swift */; };
		E65BCA752B086BD600B33C60 /* ItemViewModel.swift in Sources */ = {isa = PBXBuildFile; fileRef = E65BCA742B086BD600B33C60 /* ItemViewModel.swift */; };
		E6C114C32B097BB100E9F7A9 /* ButtonView.swift in Sources */ = {isa = PBXBuildFile; fileRef = E6C114C22B097BB100E9F7A9 /* ButtonView.swift */; };
		E6E68E0D2B0BB26B00BC05AC /* GoogleService-Info.plist in Resources */ = {isa = PBXBuildFile; fileRef = E6E68E0C2B0BB26B00BC05AC /* GoogleService-Info.plist */; };
		E6E68E102B0BBCB400BC05AC /* Extensions.swift in Sources */ = {isa = PBXBuildFile; fileRef = E6E68E0F2B0BBCB400BC05AC /* Extensions.swift */; };
/* End PBXBuildFile section */

/* Begin PBXFileReference section */
		E6173CB92B081BFB007C878C /* to do list.app */ = {isa = PBXFileReference; explicitFileType = wrapper.application; includeInIndex = 0; path = "to do list.app"; sourceTree = BUILT_PRODUCTS_DIR; };
		E6173CBC2B081BFB007C878C /* to_do_listApp.swift */ = {isa = PBXFileReference; lastKnownFileType = sourcecode.swift; path = to_do_listApp.swift; sourceTree = "<group>"; };
		E6173CBE2B081BFB007C878C /* MainView.swift */ = {isa = PBXFileReference; lastKnownFileType = sourcecode.swift; path = MainView.swift; sourceTree = "<group>"; };
		E6173CC02B081BFC007C878C /* Assets.xcassets */ = {isa = PBXFileReference; lastKnownFileType = folder.assetcatalog; path = Assets.xcassets; sourceTree = "<group>"; };
		E6173CC32B081BFC007C878C /* Preview Assets.xcassets */ = {isa = PBXFileReference; lastKnownFileType = folder.assetcatalog; path = "Preview Assets.xcassets"; sourceTree = "<group>"; };
		E65BCA582B08694200B33C60 /* ProfileView.swift */ = {isa = PBXFileReference; lastKnownFileType = sourcecode.swift; path = ProfileView.swift; sourceTree = "<group>"; };
		E65BCA5A2B08696D00B33C60 /* ListView.swift */ = {isa = PBXFileReference; lastKnownFileType = sourcecode.swift; path = ListView.swift; sourceTree = "<group>"; };
		E65BCA5C2B0869BD00B33C60 /* NewItemView.swift */ = {isa = PBXFileReference; lastKnownFileType = sourcecode.swift; path = NewItemView.swift; sourceTree = "<group>"; };
		E65BCA5E2B0869E400B33C60 /* LogInView.swift */ = {isa = PBXFileReference; lastKnownFileType = sourcecode.swift; path = LogInView.swift; sourceTree = "<group>"; };
		E65BCA602B086A0400B33C60 /* RegisterView.swift */ = {isa = PBXFileReference; lastKnownFileType = sourcecode.swift; path = RegisterView.swift; sourceTree = "<group>"; };
		E65BCA622B086A8400B33C60 /* ItemView.swift */ = {isa = PBXFileReference; lastKnownFileType = sourcecode.swift; path = ItemView.swift; sourceTree = "<group>"; };
		E65BCA642B086B2B00B33C60 /* User.swift */ = {isa = PBXFileReference; lastKnownFileType = sourcecode.swift; path = User.swift; sourceTree = "<group>"; };
		E65BCA662B086B4500B33C60 /* Item.swift */ = {isa = PBXFileReference; lastKnownFileType = sourcecode.swift; path = Item.swift; sourceTree = "<group>"; };
		E65BCA682B086B8A00B33C60 /* MainViewModel.swift */ = {isa = PBXFileReference; lastKnownFileType = sourcecode.swift; path = MainViewModel.swift; sourceTree = "<group>"; };
		E65BCA6A2B086B9700B33C60 /* ProfileViewModel.swift */ = {isa = PBXFileReference; lastKnownFileType = sourcecode.swift; path = ProfileViewModel.swift; sourceTree = "<group>"; };
		E65BCA6C2B086BA600B33C60 /* ListViewModel.swift */ = {isa = PBXFileReference; lastKnownFileType = sourcecode.swift; path = ListViewModel.swift; sourceTree = "<group>"; };
		E65BCA6E2B086BB400B33C60 /* NewItemViewModel.swift */ = {isa = PBXFileReference; lastKnownFileType = sourcecode.swift; path = NewItemViewModel.swift; sourceTree = "<group>"; };
		E65BCA702B086BC200B33C60 /* LogInViewModel.swift */ = {isa = PBXFileReference; lastKnownFileType = sourcecode.swift; path = LogInViewModel.swift; sourceTree = "<group>"; };
		E65BCA722B086BCB00B33C60 /* RegisterViewModel.swift */ = {isa = PBXFileReference; lastKnownFileType = sourcecode.swift; path = RegisterViewModel.swift; sourceTree = "<group>"; };
		E65BCA742B086BD600B33C60 /* ItemViewModel.swift */ = {isa = PBXFileReference; lastKnownFileType = sourcecode.swift; path = ItemViewModel.swift; sourceTree = "<group>"; };
		E6C114C22B097BB100E9F7A9 /* ButtonView.swift */ = {isa = PBXFileReference; lastKnownFileType = sourcecode.swift; path = ButtonView.swift; sourceTree = "<group>"; };
		E6E68E0C2B0BB26B00BC05AC /* GoogleService-Info.plist */ = {isa = PBXFileReference; fileEncoding = 4; lastKnownFileType = text.plist.xml; path = "GoogleService-Info.plist"; sourceTree = "<group>"; };
		E6E68E0F2B0BBCB400BC05AC /* Extensions.swift */ = {isa = PBXFileReference; lastKnownFileType = sourcecode.swift; path = Extensions.swift; sourceTree = "<group>"; };
/* End PBXFileReference section */

/* Begin PBXFrameworksBuildPhase section */
		E6173CB62B081BFB007C878C /* Frameworks */ = {
			isa = PBXFrameworksBuildPhase;
			buildActionMask = 2147483647;
			files = (
				E65BCA362B08626400B33C60 /* FirebaseFirestore in Frameworks */,
				E65BCA3A2B08626400B33C60 /* FirebaseFirestoreSwift in Frameworks */,
				E65BCA2A2B08626400B33C60 /* FirebaseAuth in Frameworks */,
			);
			runOnlyForDeploymentPostprocessing = 0;
		};
/* End PBXFrameworksBuildPhase section */

/* Begin PBXGroup section */
		E6173CB02B081BFB007C878C = {
			isa = PBXGroup;
			children = (
				E6173CBB2B081BFB007C878C /* to do list */,
				E6173CBA2B081BFB007C878C /* Products */,
			);
			sourceTree = "<group>";
		};
		E6173CBA2B081BFB007C878C /* Products */ = {
			isa = PBXGroup;
			children = (
				E6173CB92B081BFB007C878C /* to do list.app */,
			);
			name = Products;
			sourceTree = "<group>";
		};
		E6173CBB2B081BFB007C878C /* to do list */ = {
			isa = PBXGroup;
			children = (
				E65BCA572B08680E00B33C60 /* Models */,
				E65BCA562B08680100B33C60 /* ViewModels */,
				E65BCA552B0867F400B33C60 /* Views */,
				E6E68E112B0BBCEC00BC05AC /* Extensions */,
				E6173CBC2B081BFB007C878C /* to_do_listApp.swift */,
				E6173CC02B081BFC007C878C /* Assets.xcassets */,
				E6E68E0C2B0BB26B00BC05AC /* GoogleService-Info.plist */,
				E6173CC22B081BFC007C878C /* Preview Content */,
			);
			path = "to do list";
			sourceTree = "<group>";
		};
		E6173CC22B081BFC007C878C /* Preview Content */ = {
			isa = PBXGroup;
			children = (
				E6173CC32B081BFC007C878C /* Preview Assets.xcassets */,
			);
			path = "Preview Content";
			sourceTree = "<group>";
		};
		E65BCA552B0867F400B33C60 /* Views */ = {
			isa = PBXGroup;
			children = (
				E6C114C12B097B9F00E9F7A9 /* Components */,
				E6173CBE2B081BFB007C878C /* MainView.swift */,
				E65BCA582B08694200B33C60 /* ProfileView.swift */,
				E65BCA5A2B08696D00B33C60 /* ListView.swift */,
				E65BCA5C2B0869BD00B33C60 /* NewItemView.swift */,
				E65BCA5E2B0869E400B33C60 /* LogInView.swift */,
				E65BCA602B086A0400B33C60 /* RegisterView.swift */,
				E65BCA622B086A8400B33C60 /* ItemView.swift */,
			);
			path = Views;
			sourceTree = "<group>";
		};
		E65BCA562B08680100B33C60 /* ViewModels */ = {
			isa = PBXGroup;
			children = (
				E65BCA682B086B8A00B33C60 /* MainViewModel.swift */,
				E65BCA6A2B086B9700B33C60 /* ProfileViewModel.swift */,
				E65BCA6C2B086BA600B33C60 /* ListViewModel.swift */,
				E65BCA6E2B086BB400B33C60 /* NewItemViewModel.swift */,
				E65BCA702B086BC200B33C60 /* LogInViewModel.swift */,
				E65BCA722B086BCB00B33C60 /* RegisterViewModel.swift */,
				E65BCA742B086BD600B33C60 /* ItemViewModel.swift */,
			);
			path = ViewModels;
			sourceTree = "<group>";
		};
		E65BCA572B08680E00B33C60 /* Models */ = {
			isa = PBXGroup;
			children = (
				E65BCA642B086B2B00B33C60 /* User.swift */,
				E65BCA662B086B4500B33C60 /* Item.swift */,
			);
			path = Models;
			sourceTree = "<group>";
		};
		E6C114C12B097B9F00E9F7A9 /* Components */ = {
			isa = PBXGroup;
			children = (
				E6C114C22B097BB100E9F7A9 /* ButtonView.swift */,
			);
			path = Components;
			sourceTree = "<group>";
		};
		E6E68E112B0BBCEC00BC05AC /* Extensions */ = {
			isa = PBXGroup;
			children = (
				E6E68E0F2B0BBCB400BC05AC /* Extensions.swift */,
			);
			path = Extensions;
			sourceTree = "<group>";
		};
/* End PBXGroup section */

/* Begin PBXNativeTarget section */
		E6173CB82B081BFB007C878C /* to do list */ = {
			isa = PBXNativeTarget;
			buildConfigurationList = E6173CC72B081BFC007C878C /* Build configuration list for PBXNativeTarget "to do list" */;
			buildPhases = (
				E6173CB52B081BFB007C878C /* Sources */,
				E6173CB62B081BFB007C878C /* Frameworks */,
				E6173CB72B081BFB007C878C /* Resources */,
			);
			buildRules = (
			);
			dependencies = (
			);
			name = "to do list";
			packageProductDependencies = (
				E65BCA292B08626400B33C60 /* FirebaseAuth */,
				E65BCA352B08626400B33C60 /* FirebaseFirestore */,
				E65BCA392B08626400B33C60 /* FirebaseFirestoreSwift */,
			);
			productName = "to do list";
			productReference = E6173CB92B081BFB007C878C /* to do list.app */;
			productType = "com.apple.product-type.application";
		};
/* End PBXNativeTarget section */

/* Begin PBXProject section */
		E6173CB12B081BFB007C878C /* Project object */ = {
			isa = PBXProject;
			attributes = {
				BuildIndependentTargetsInParallel = 1;
				LastSwiftUpdateCheck = 1500;
				LastUpgradeCheck = 1500;
				TargetAttributes = {
					E6173CB82B081BFB007C878C = {
						CreatedOnToolsVersion = 15.0.1;
					};
				};
			};
			buildConfigurationList = E6173CB42B081BFB007C878C /* Build configuration list for PBXProject "to do list" */;
			compatibilityVersion = "Xcode 14.0";
			developmentRegion = en;
			hasScannedForEncodings = 0;
			knownRegions = (
				en,
				Base,
			);
			mainGroup = E6173CB02B081BFB007C878C;
			packageReferences = (
				E65BCA1C2B08626400B33C60 /* XCRemoteSwiftPackageReference "firebase-ios-sdk" */,
			);
			productRefGroup = E6173CBA2B081BFB007C878C /* Products */;
			projectDirPath = "";
			projectRoot = "";
			targets = (
				E6173CB82B081BFB007C878C /* to do list */,
			);
		};
/* End PBXProject section */

/* Begin PBXResourcesBuildPhase section */
		E6173CB72B081BFB007C878C /* Resources */ = {
			isa = PBXResourcesBuildPhase;
			buildActionMask = 2147483647;
			files = (
				E6173CC42B081BFC007C878C /* Preview Assets.xcassets in Resources */,
				E6173CC12B081BFC007C878C /* Assets.xcassets in Resources */,
				E6E68E0D2B0BB26B00BC05AC /* GoogleService-Info.plist in Resources */,
			);
			runOnlyForDeploymentPostprocessing = 0;
		};
/* End PBXResourcesBuildPhase section */

/* Begin PBXSourcesBuildPhase section */
		E6173CB52B081BFB007C878C /* Sources */ = {
			isa = PBXSourcesBuildPhase;
			buildActionMask = 2147483647;
			files = (
				E65BCA672B086B4500B33C60 /* Item.swift in Sources */,
				E65BCA5F2B0869E400B33C60 /* LogInView.swift in Sources */,
				E65BCA752B086BD600B33C60 /* ItemViewModel.swift in Sources */,
				E6173CBF2B081BFB007C878C /* MainView.swift in Sources */,
				E65BCA732B086BCB00B33C60 /* RegisterViewModel.swift in Sources */,
				E65BCA592B08694200B33C60 /* ProfileView.swift in Sources */,
				E65BCA632B086A8400B33C60 /* ItemView.swift in Sources */,
				E6E68E102B0BBCB400BC05AC /* Extensions.swift in Sources */,
				E6C114C32B097BB100E9F7A9 /* ButtonView.swift in Sources */,
				E65BCA612B086A0400B33C60 /* RegisterView.swift in Sources */,
				E65BCA6B2B086B9700B33C60 /* ProfileViewModel.swift in Sources */,
				E65BCA652B086B2B00B33C60 /* User.swift in Sources */,
				E65BCA712B086BC200B33C60 /* LogInViewModel.swift in Sources */,
				E65BCA6F2B086BB400B33C60 /* NewItemViewModel.swift in Sources */,
				E6173CBD2B081BFB007C878C /* to_do_listApp.swift in Sources */,
				E65BCA6D2B086BA600B33C60 /* ListViewModel.swift in Sources */,
				E65BCA5B2B08696D00B33C60 /* ListView.swift in Sources */,
				E65BCA5D2B0869BD00B33C60 /* NewItemView.swift in Sources */,
				E65BCA692B086B8A00B33C60 /* MainViewModel.swift in Sources */,
			);
			runOnlyForDeploymentPostprocessing = 0;
		};
/* End PBXSourcesBuildPhase section */

/* Begin XCBuildConfiguration section */
		E6173CC52B081BFC007C878C /* Debug */ = {
			isa = XCBuildConfiguration;
			buildSettings = {
				ALWAYS_SEARCH_USER_PATHS = NO;
				ASSETCATALOG_COMPILER_GENERATE_SWIFT_ASSET_SYMBOL_EXTENSIONS = YES;
				CLANG_ANALYZER_NONNULL = YES;
				CLANG_ANALYZER_NUMBER_OBJECT_CONVERSION = YES_AGGRESSIVE;
				CLANG_CXX_LANGUAGE_STANDARD = "gnu++20";
				CLANG_ENABLE_MODULES = YES;
				CLANG_ENABLE_OBJC_ARC = YES;
				CLANG_ENABLE_OBJC_WEAK = YES;
				CLANG_WARN_BLOCK_CAPTURE_AUTORELEASING = YES;
				CLANG_WARN_BOOL_CONVERSION = YES;
				CLANG_WARN_COMMA = YES;
				CLANG_WARN_CONSTANT_CONVERSION = YES;
				CLANG_WARN_DEPRECATED_OBJC_IMPLEMENTATIONS = YES;
				CLANG_WARN_DIRECT_OBJC_ISA_USAGE = YES_ERROR;
				CLANG_WARN_DOCUMENTATION_COMMENTS = YES;
				CLANG_WARN_EMPTY_BODY = YES;
				CLANG_WARN_ENUM_CONVERSION = YES;
				CLANG_WARN_INFINITE_RECURSION = YES;
				CLANG_WARN_INT_CONVERSION = YES;
				CLANG_WARN_NON_LITERAL_NULL_CONVERSION = YES;
				CLANG_WARN_OBJC_IMPLICIT_RETAIN_SELF = YES;
				CLANG_WARN_OBJC_LITERAL_CONVERSION = YES;
				CLANG_WARN_OBJC_ROOT_CLASS = YES_ERROR;
				CLANG_WARN_QUOTED_INCLUDE_IN_FRAMEWORK_HEADER = YES;
				CLANG_WARN_RANGE_LOOP_ANALYSIS = YES;
				CLANG_WARN_STRICT_PROTOTYPES = YES;
				CLANG_WARN_SUSPICIOUS_MOVE = YES;
				CLANG_WARN_UNGUARDED_AVAILABILITY = YES_AGGRESSIVE;
				CLANG_WARN_UNREACHABLE_CODE = YES;
				CLANG_WARN__DUPLICATE_METHOD_MATCH = YES;
				COPY_PHASE_STRIP = NO;
				DEBUG_INFORMATION_FORMAT = dwarf;
				ENABLE_STRICT_OBJC_MSGSEND = YES;
				ENABLE_TESTABILITY = YES;
				ENABLE_USER_SCRIPT_SANDBOXING = YES;
				GCC_C_LANGUAGE_STANDARD = gnu17;
				GCC_DYNAMIC_NO_PIC = NO;
				GCC_NO_COMMON_BLOCKS = YES;
				GCC_OPTIMIZATION_LEVEL = 0;
				GCC_PREPROCESSOR_DEFINITIONS = (
					"DEBUG=1",
					"$(inherited)",
				);
				GCC_WARN_64_TO_32_BIT_CONVERSION = YES;
				GCC_WARN_ABOUT_RETURN_TYPE = YES_ERROR;
				GCC_WARN_UNDECLARED_SELECTOR = YES;
				GCC_WARN_UNINITIALIZED_AUTOS = YES_AGGRESSIVE;
				GCC_WARN_UNUSED_FUNCTION = YES;
				GCC_WARN_UNUSED_VARIABLE = YES;
				IPHONEOS_DEPLOYMENT_TARGET = 17.0;
				LOCALIZATION_PREFERS_STRING_CATALOGS = YES;
				MTL_ENABLE_DEBUG_INFO = INCLUDE_SOURCE;
				MTL_FAST_MATH = YES;
				ONLY_ACTIVE_ARCH = YES;
				SDKROOT = iphoneos;
				SWIFT_ACTIVE_COMPILATION_CONDITIONS = "DEBUG $(inherited)";
				SWIFT_OPTIMIZATION_LEVEL = "-Onone";
			};
			name = Debug;
		};
		E6173CC62B081BFC007C878C /* Release */ = {
			isa = XCBuildConfiguration;
			buildSettings = {
				ALWAYS_SEARCH_USER_PATHS = NO;
				ASSETCATALOG_COMPILER_GENERATE_SWIFT_ASSET_SYMBOL_EXTENSIONS = YES;
				CLANG_ANALYZER_NONNULL = YES;
				CLANG_ANALYZER_NUMBER_OBJECT_CONVERSION = YES_AGGRESSIVE;
				CLANG_CXX_LANGUAGE_STANDARD = "gnu++20";
				CLANG_ENABLE_MODULES = YES;
				CLANG_ENABLE_OBJC_ARC = YES;
				CLANG_ENABLE_OBJC_WEAK = YES;
				CLANG_WARN_BLOCK_CAPTURE_AUTORELEASING = YES;
				CLANG_WARN_BOOL_CONVERSION = YES;
				CLANG_WARN_COMMA = YES;
				CLANG_WARN_CONSTANT_CONVERSION = YES;
				CLANG_WARN_DEPRECATED_OBJC_IMPLEMENTATIONS = YES;
				CLANG_WARN_DIRECT_OBJC_ISA_USAGE = YES_ERROR;
				CLANG_WARN_DOCUMENTATION_COMMENTS = YES;
				CLANG_WARN_EMPTY_BODY = YES;
				CLANG_WARN_ENUM_CONVERSION = YES;
				CLANG_WARN_INFINITE_RECURSION = YES;
				CLANG_WARN_INT_CONVERSION = YES;
				CLANG_WARN_NON_LITERAL_NULL_CONVERSION = YES;
				CLANG_WARN_OBJC_IMPLICIT_RETAIN_SELF = YES;
				CLANG_WARN_OBJC_LITERAL_CONVERSION = YES;
				CLANG_WARN_OBJC_ROOT_CLASS = YES_ERROR;
				CLANG_WARN_QUOTED_INCLUDE_IN_FRAMEWORK_HEADER = YES;
				CLANG_WARN_RANGE_LOOP_ANALYSIS = YES;
				CLANG_WARN_STRICT_PROTOTYPES = YES;
				CLANG_WARN_SUSPICIOUS_MOVE = YES;
				CLANG_WARN_UNGUARDED_AVAILABILITY = YES_AGGRESSIVE;
				CLANG_WARN_UNREACHABLE_CODE = YES;
				CLANG_WARN__DUPLICATE_METHOD_MATCH = YES;
				COPY_PHASE_STRIP = NO;
				DEBUG_INFORMATION_FORMAT = "dwarf-with-dsym";
				ENABLE_NS_ASSERTIONS = NO;
				ENABLE_STRICT_OBJC_MSGSEND = YES;
				ENABLE_USER_SCRIPT_SANDBOXING = YES;
				GCC_C_LANGUAGE_STANDARD = gnu17;
				GCC_NO_COMMON_BLOCKS = YES;
				GCC_WARN_64_TO_32_BIT_CONVERSION = YES;
				GCC_WARN_ABOUT_RETURN_TYPE = YES_ERROR;
				GCC_WARN_UNDECLARED_SELECTOR = YES;
				GCC_WARN_UNINITIALIZED_AUTOS = YES_AGGRESSIVE;
				GCC_WARN_UNUSED_FUNCTION = YES;
				GCC_WARN_UNUSED_VARIABLE = YES;
				IPHONEOS_DEPLOYMENT_TARGET = 17.0;
				LOCALIZATION_PREFERS_STRING_CATALOGS = YES;
				MTL_ENABLE_DEBUG_INFO = NO;
				MTL_FAST_MATH = YES;
				SDKROOT = iphoneos;
				SWIFT_COMPILATION_MODE = wholemodule;
				VALIDATE_PRODUCT = YES;
			};
			name = Release;
		};
		E6173CC82B081BFC007C878C /* Debug */ = {
			isa = XCBuildConfiguration;
			buildSettings = {
				ASSETCATALOG_COMPILER_APPICON_NAME = AppIcon;
				ASSETCATALOG_COMPILER_GLOBAL_ACCENT_COLOR_NAME = AccentColor;
				CODE_SIGN_STYLE = Automatic;
				CURRENT_PROJECT_VERSION = 1;
				DEVELOPMENT_ASSET_PATHS = "\"to do list/Preview Content\"";
				DEVELOPMENT_TEAM = 83GN77X9J3;
				ENABLE_PREVIEWS = YES;
				GENERATE_INFOPLIST_FILE = YES;
				INFOPLIST_KEY_CFBundleDisplayName = "To do list";
				INFOPLIST_KEY_UIApplicationSceneManifest_Generation = YES;
				INFOPLIST_KEY_UIApplicationSupportsIndirectInputEvents = YES;
				INFOPLIST_KEY_UILaunchScreen_Generation = YES;
				INFOPLIST_KEY_UISupportedInterfaceOrientations = UIInterfaceOrientationPortrait;
				LD_RUNPATH_SEARCH_PATHS = (
					"$(inherited)",
					"@executable_path/Frameworks",
				);
				MARKETING_VERSION = 1.0;
				PRODUCT_BUNDLE_IDENTIFIER = "seba-sanchis.to-do-list";
				PRODUCT_NAME = "$(TARGET_NAME)";
				SWIFT_EMIT_LOC_STRINGS = YES;
				SWIFT_VERSION = 5.0;
				TARGETED_DEVICE_FAMILY = "1,2";
			};
			name = Debug;
		};
		E6173CC92B081BFC007C878C /* Release */ = {
			isa = XCBuildConfiguration;
			buildSettings = {
				ASSETCATALOG_COMPILER_APPICON_NAME = AppIcon;
				ASSETCATALOG_COMPILER_GLOBAL_ACCENT_COLOR_NAME = AccentColor;
				CODE_SIGN_STYLE = Automatic;
				CURRENT_PROJECT_VERSION = 1;
				DEVELOPMENT_ASSET_PATHS = "\"to do list/Preview Content\"";
				DEVELOPMENT_TEAM = 83GN77X9J3;
				ENABLE_PREVIEWS = YES;
				GENERATE_INFOPLIST_FILE = YES;
				INFOPLIST_KEY_CFBundleDisplayName = "To do list";
				INFOPLIST_KEY_UIApplicationSceneManifest_Generation = YES;
				INFOPLIST_KEY_UIApplicationSupportsIndirectInputEvents = YES;
				INFOPLIST_KEY_UILaunchScreen_Generation = YES;
				INFOPLIST_KEY_UISupportedInterfaceOrientations = UIInterfaceOrientationPortrait;
				LD_RUNPATH_SEARCH_PATHS = (
					"$(inherited)",
					"@executable_path/Frameworks",
				);
				MARKETING_VERSION = 1.0;
				PRODUCT_BUNDLE_IDENTIFIER = "seba-sanchis.to-do-list";
				PRODUCT_NAME = "$(TARGET_NAME)";
				SWIFT_EMIT_LOC_STRINGS = YES;
				SWIFT_VERSION = 5.0;
				TARGETED_DEVICE_FAMILY = "1,2";
			};
			name = Release;
		};
/* End XCBuildConfiguration section */

/* Begin XCConfigurationList section */
		E6173CB42B081BFB007C878C /* Build configuration list for PBXProject "to do list" */ = {
			isa = XCConfigurationList;
			buildConfigurations = (
				E6173CC52B081BFC007C878C /* Debug */,
				E6173CC62B081BFC007C878C /* Release */,
			);
			defaultConfigurationIsVisible = 0;
			defaultConfigurationName = Release;
		};
		E6173CC72B081BFC007C878C /* Build configuration list for PBXNativeTarget "to do list" */ = {
			isa = XCConfigurationList;
			buildConfigurations = (
				E6173CC82B081BFC007C878C /* Debug */,
				E6173CC92B081BFC007C878C /* Release */,
			);
			defaultConfigurationIsVisible = 0;
			defaultConfigurationName = Release;
		};
/* End XCConfigurationList section */

/* Begin XCRemoteSwiftPackageReference section */
		E65BCA1C2B08626400B33C60 /* XCRemoteSwiftPackageReference "firebase-ios-sdk" */ = {
			isa = XCRemoteSwiftPackageReference;
			repositoryURL = "https://github.com/firebase/firebase-ios-sdk";
			requirement = {
				kind = upToNextMajorVersion;
				minimumVersion = 10.18.0;
			};
		};
/* End XCRemoteSwiftPackageReference section */

/* Begin XCSwiftPackageProductDependency section */
		E65BCA292B08626400B33C60 /* FirebaseAuth */ = {
			isa = XCSwiftPackageProductDependency;
			package = E65BCA1C2B08626400B33C60 /* XCRemoteSwiftPackageReference "firebase-ios-sdk" */;
			productName = FirebaseAuth;
		};
		E65BCA352B08626400B33C60 /* FirebaseFirestore */ = {
			isa = XCSwiftPackageProductDependency;
			package = E65BCA1C2B08626400B33C60 /* XCRemoteSwiftPackageReference "firebase-ios-sdk" */;
			productName = FirebaseFirestore;
		};
		E65BCA392B08626400B33C60 /* FirebaseFirestoreSwift */ = {
			isa = XCSwiftPackageProductDependency;
			package = E65BCA1C2B08626400B33C60 /* XCRemoteSwiftPackageReference "firebase-ios-sdk" */;
			productName = FirebaseFirestoreSwift;
		};
/* End XCSwiftPackageProductDependency section */
	};
	rootObject = E6173CB12B081BFB007C878C /* Project object */;
}
